// !$*UTF8*$!
{
	archiveVersion = 1;
	classes = {
	};
	objectVersion = 46;
	objects = {

/* Begin PBXBuildFile section */
		7939354B1C07683800E3C311 /* AFHTTPRequestOperation.m in Sources */ = {isa = PBXBuildFile; fileRef = 793935261C07683800E3C311 /* AFHTTPRequestOperation.m */; };
		7939354C1C07683800E3C311 /* AFHTTPRequestOperationManager.m in Sources */ = {isa = PBXBuildFile; fileRef = 793935281C07683800E3C311 /* AFHTTPRequestOperationManager.m */; };
		7939354D1C07683800E3C311 /* AFHTTPSessionManager.m in Sources */ = {isa = PBXBuildFile; fileRef = 7939352A1C07683800E3C311 /* AFHTTPSessionManager.m */; };
		7939354E1C07683800E3C311 /* AFNetworkReachabilityManager.m in Sources */ = {isa = PBXBuildFile; fileRef = 7939352D1C07683800E3C311 /* AFNetworkReachabilityManager.m */; };
		7939354F1C07683800E3C311 /* AFSecurityPolicy.m in Sources */ = {isa = PBXBuildFile; fileRef = 7939352F1C07683800E3C311 /* AFSecurityPolicy.m */; };
		793935501C07683800E3C311 /* AFURLConnectionOperation.m in Sources */ = {isa = PBXBuildFile; fileRef = 793935311C07683800E3C311 /* AFURLConnectionOperation.m */; };
		793935511C07683800E3C311 /* AFURLRequestSerialization.m in Sources */ = {isa = PBXBuildFile; fileRef = 793935331C07683800E3C311 /* AFURLRequestSerialization.m */; };
		793935521C07683800E3C311 /* AFURLResponseSerialization.m in Sources */ = {isa = PBXBuildFile; fileRef = 793935351C07683800E3C311 /* AFURLResponseSerialization.m */; };
		793935531C07683800E3C311 /* AFURLSessionManager.m in Sources */ = {isa = PBXBuildFile; fileRef = 793935371C07683800E3C311 /* AFURLSessionManager.m */; };
		793935541C07683800E3C311 /* AFNetworkActivityIndicatorManager.m in Sources */ = {isa = PBXBuildFile; fileRef = 7939353A1C07683800E3C311 /* AFNetworkActivityIndicatorManager.m */; };
		793935551C07683800E3C311 /* UIActivityIndicatorView+AFNetworking.m in Sources */ = {isa = PBXBuildFile; fileRef = 7939353C1C07683800E3C311 /* UIActivityIndicatorView+AFNetworking.m */; };
		793935561C07683800E3C311 /* UIAlertView+AFNetworking.m in Sources */ = {isa = PBXBuildFile; fileRef = 7939353E1C07683800E3C311 /* UIAlertView+AFNetworking.m */; };
		793935571C07683800E3C311 /* UIButton+AFNetworking.m in Sources */ = {isa = PBXBuildFile; fileRef = 793935401C07683800E3C311 /* UIButton+AFNetworking.m */; };
		793935581C07683800E3C311 /* UIImageView+AFNetworking.m in Sources */ = {isa = PBXBuildFile; fileRef = 793935431C07683800E3C311 /* UIImageView+AFNetworking.m */; };
		793935591C07683800E3C311 /* UIProgressView+AFNetworking.m in Sources */ = {isa = PBXBuildFile; fileRef = 793935461C07683800E3C311 /* UIProgressView+AFNetworking.m */; };
		7939355A1C07683800E3C311 /* UIRefreshControl+AFNetworking.m in Sources */ = {isa = PBXBuildFile; fileRef = 793935481C07683800E3C311 /* UIRefreshControl+AFNetworking.m */; };
		7939355B1C07683800E3C311 /* UIWebView+AFNetworking.m in Sources */ = {isa = PBXBuildFile; fileRef = 7939354A1C07683800E3C311 /* UIWebView+AFNetworking.m */; };
		984C6E1B1BC3C17A00378661 /* main.m in Sources */ = {isa = PBXBuildFile; fileRef = 984C6E1A1BC3C17A00378661 /* main.m */; };
		984C6E1E1BC3C17A00378661 /* AppDelegate.m in Sources */ = {isa = PBXBuildFile; fileRef = 984C6E1D1BC3C17A00378661 /* AppDelegate.m */; };
		984C6E211BC3C17A00378661 /* ViewController.m in Sources */ = {isa = PBXBuildFile; fileRef = 984C6E201BC3C17A00378661 /* ViewController.m */; };
		984C6E241BC3C17A00378661 /* Main.storyboard in Resources */ = {isa = PBXBuildFile; fileRef = 984C6E221BC3C17A00378661 /* Main.storyboard */; };
		984C6E261BC3C17A00378661 /* Images.xcassets in Resources */ = {isa = PBXBuildFile; fileRef = 984C6E251BC3C17A00378661 /* Images.xcassets */; };
		984C6E291BC3C17A00378661 /* LaunchScreen.xib in Resources */ = {isa = PBXBuildFile; fileRef = 984C6E271BC3C17A00378661 /* LaunchScreen.xib */; };
		984C6E351BC3C17A00378661 /* _3_AFUploadTests.m in Sources */ = {isa = PBXBuildFile; fileRef = 984C6E341BC3C17A00378661 /* _3_AFUploadTests.m */; };
		984C6E7E1BC3C3EA00378661 /* 8.jpg in Resources */ = {isa = PBXBuildFile; fileRef = 984C6E7D1BC3C3EA00378661 /* 8.jpg */; };
/* End PBXBuildFile section */

/* Begin PBXContainerItemProxy section */
		984C6E2F1BC3C17A00378661 /* PBXContainerItemProxy */ = {
			isa = PBXContainerItemProxy;
			containerPortal = 984C6E0D1BC3C17A00378661 /* Project object */;
			proxyType = 1;
			remoteGlobalIDString = 984C6E141BC3C17A00378661;
			remoteInfo = 03_AFUpload;
		};
/* End PBXContainerItemProxy section */

/* Begin PBXFileReference section */
		793935251C07683800E3C311 /* AFHTTPRequestOperation.h */ = {isa = PBXFileReference; fileEncoding = 4; lastKnownFileType = sourcecode.c.h; path = AFHTTPRequestOperation.h; sourceTree = "<group>"; };
		793935261C07683800E3C311 /* AFHTTPRequestOperation.m */ = {isa = PBXFileReference; fileEncoding = 4; lastKnownFileType = sourcecode.c.objc; path = AFHTTPRequestOperation.m; sourceTree = "<group>"; };
		793935271C07683800E3C311 /* AFHTTPRequestOperationManager.h */ = {isa = PBXFileReference; fileEncoding = 4; lastKnownFileType = sourcecode.c.h; path = AFHTTPRequestOperationManager.h; sourceTree = "<group>"; };
		793935281C07683800E3C311 /* AFHTTPRequestOperationManager.m */ = {isa = PBXFileReference; fileEncoding = 4; lastKnownFileType = sourcecode.c.objc; path = AFHTTPRequestOperationManager.m; sourceTree = "<group>"; };
		793935291C07683800E3C311 /* AFHTTPSessionManager.h */ = {isa = PBXFileReference; fileEncoding = 4; lastKnownFileType = sourcecode.c.h; path = AFHTTPSessionManager.h; sourceTree = "<group>"; };
		7939352A1C07683800E3C311 /* AFHTTPSessionManager.m */ = {isa = PBXFileReference; fileEncoding = 4; lastKnownFileType = sourcecode.c.objc; path = AFHTTPSessionManager.m; sourceTree = "<group>"; };
		7939352B1C07683800E3C311 /* AFNetworking.h */ = {isa = PBXFileReference; fileEncoding = 4; lastKnownFileType = sourcecode.c.h; path = AFNetworking.h; sourceTree = "<group>"; };
		7939352C1C07683800E3C311 /* AFNetworkReachabilityManager.h */ = {isa = PBXFileReference; fileEncoding = 4; lastKnownFileType = sourcecode.c.h; path = AFNetworkReachabilityManager.h; sourceTree = "<group>"; };
		7939352D1C07683800E3C311 /* AFNetworkReachabilityManager.m */ = {isa = PBXFileReference; fileEncoding = 4; lastKnownFileType = sourcecode.c.objc; path = AFNetworkReachabilityManager.m; sourceTree = "<group>"; };
		7939352E1C07683800E3C311 /* AFSecurityPolicy.h */ = {isa = PBXFileReference; fileEncoding = 4; lastKnownFileType = sourcecode.c.h; path = AFSecurityPolicy.h; sourceTree = "<group>"; };
		7939352F1C07683800E3C311 /* AFSecurityPolicy.m */ = {isa = PBXFileReference; fileEncoding = 4; lastKnownFileType = sourcecode.c.objc; path = AFSecurityPolicy.m; sourceTree = "<group>"; };
		793935301C07683800E3C311 /* AFURLConnectionOperation.h */ = {isa = PBXFileReference; fileEncoding = 4; lastKnownFileType = sourcecode.c.h; path = AFURLConnectionOperation.h; sourceTree = "<group>"; };
		793935311C07683800E3C311 /* AFURLConnectionOperation.m */ = {isa = PBXFileReference; fileEncoding = 4; lastKnownFileType = sourcecode.c.objc; path = AFURLConnectionOperation.m; sourceTree = "<group>"; };
		793935321C07683800E3C311 /* AFURLRequestSerialization.h */ = {isa = PBXFileReference; fileEncoding = 4; lastKnownFileType = sourcecode.c.h; path = AFURLRequestSerialization.h; sourceTree = "<group>"; };
		793935331C07683800E3C311 /* AFURLRequestSerialization.m */ = {isa = PBXFileReference; fileEncoding = 4; lastKnownFileType = sourcecode.c.objc; path = AFURLRequestSerialization.m; sourceTree = "<group>"; };
		793935341C07683800E3C311 /* AFURLResponseSerialization.h */ = {isa = PBXFileReference; fileEncoding = 4; lastKnownFileType = sourcecode.c.h; path = AFURLResponseSerialization.h; sourceTree = "<group>"; };
		793935351C07683800E3C311 /* AFURLResponseSerialization.m */ = {isa = PBXFileReference; fileEncoding = 4; lastKnownFileType = sourcecode.c.objc; path = AFURLResponseSerialization.m; sourceTree = "<group>"; };
		793935361C07683800E3C311 /* AFURLSessionManager.h */ = {isa = PBXFileReference; fileEncoding = 4; lastKnownFileType = sourcecode.c.h; path = AFURLSessionManager.h; sourceTree = "<group>"; };
		793935371C07683800E3C311 /* AFURLSessionManager.m */ = {isa = PBXFileReference; fileEncoding = 4; lastKnownFileType = sourcecode.c.objc; path = AFURLSessionManager.m; sourceTree = "<group>"; };
		793935391C07683800E3C311 /* AFNetworkActivityIndicatorManager.h */ = {isa = PBXFileReference; fileEncoding = 4; lastKnownFileType = sourcecode.c.h; path = AFNetworkActivityIndicatorManager.h; sourceTree = "<group>"; };
		7939353A1C07683800E3C311 /* AFNetworkActivityIndicatorManager.m */ = {isa = PBXFileReference; fileEncoding = 4; lastKnownFileType = sourcecode.c.objc; path = AFNetworkActivityIndicatorManager.m; sourceTree = "<group>"; };
		7939353B1C07683800E3C311 /* UIActivityIndicatorView+AFNetworking.h */ = {isa = PBXFileReference; fileEncoding = 4; lastKnownFileType = sourcecode.c.h; path = "UIActivityIndicatorView+AFNetworking.h"; sourceTree = "<group>"; };
		7939353C1C07683800E3C311 /* UIActivityIndicatorView+AFNetworking.m */ = {isa = PBXFileReference; fileEncoding = 4; lastKnownFileType = sourcecode.c.objc; path = "UIActivityIndicatorView+AFNetworking.m"; sourceTree = "<group>"; };
		7939353D1C07683800E3C311 /* UIAlertView+AFNetworking.h */ = {isa = PBXFileReference; fileEncoding = 4; lastKnownFileType = sourcecode.c.h; path = "UIAlertView+AFNetworking.h"; sourceTree = "<group>"; };
		7939353E1C07683800E3C311 /* UIAlertView+AFNetworking.m */ = {isa = PBXFileReference; fileEncoding = 4; lastKnownFileType = sourcecode.c.objc; path = "UIAlertView+AFNetworking.m"; sourceTree = "<group>"; };
		7939353F1C07683800E3C311 /* UIButton+AFNetworking.h */ = {isa = PBXFileReference; fileEncoding = 4; lastKnownFileType = sourcecode.c.h; path = "UIButton+AFNetworking.h"; sourceTree = "<group>"; };
		793935401C07683800E3C311 /* UIButton+AFNetworking.m */ = {isa = PBXFileReference; fileEncoding = 4; lastKnownFileType = sourcecode.c.objc; path = "UIButton+AFNetworking.m"; sourceTree = "<group>"; };
		793935411C07683800E3C311 /* UIImage+AFNetworking.h */ = {isa = PBXFileReference; fileEncoding = 4; lastKnownFileType = sourcecode.c.h; path = "UIImage+AFNetworking.h"; sourceTree = "<group>"; };
		793935421C07683800E3C311 /* UIImageView+AFNetworking.h */ = {isa = PBXFileReference; fileEncoding = 4; lastKnownFileType = sourcecode.c.h; path = "UIImageView+AFNetworking.h"; sourceTree = "<group>"; };
		793935431C07683800E3C311 /* UIImageView+AFNetworking.m */ = {isa = PBXFileReference; fileEncoding = 4; lastKnownFileType = sourcecode.c.objc; path = "UIImageView+AFNetworking.m"; sourceTree = "<group>"; };
		793935441C07683800E3C311 /* UIKit+AFNetworking.h */ = {isa = PBXFileReference; fileEncoding = 4; lastKnownFileType = sourcecode.c.h; path = "UIKit+AFNetworking.h"; sourceTree = "<group>"; };
		793935451C07683800E3C311 /* UIProgressView+AFNetworking.h */ = {isa = PBXFileReference; fileEncoding = 4; lastKnownFileType = sourcecode.c.h; path = "UIProgressView+AFNetworking.h"; sourceTree = "<group>"; };
		793935461C07683800E3C311 /* UIProgressView+AFNetworking.m */ = {isa = PBXFileReference; fileEncoding = 4; lastKnownFileType = sourcecode.c.objc; path = "UIProgressView+AFNetworking.m"; sourceTree = "<group>"; };
		793935471C07683800E3C311 /* UIRefreshControl+AFNetworking.h */ = {isa = PBXFileReference; fileEncoding = 4; lastKnownFileType = sourcecode.c.h; path = "UIRefreshControl+AFNetworking.h"; sourceTree = "<group>"; };
		793935481C07683800E3C311 /* UIRefreshControl+AFNetworking.m */ = {isa = PBXFileReference; fileEncoding = 4; lastKnownFileType = sourcecode.c.objc; path = "UIRefreshControl+AFNetworking.m"; sourceTree = "<group>"; };
		793935491C07683800E3C311 /* UIWebView+AFNetworking.h */ = {isa = PBXFileReference; fileEncoding = 4; lastKnownFileType = sourcecode.c.h; path = "UIWebView+AFNetworking.h"; sourceTree = "<group>"; };
		7939354A1C07683800E3C311 /* UIWebView+AFNetworking.m */ = {isa = PBXFileReference; fileEncoding = 4; lastKnownFileType = sourcecode.c.objc; path = "UIWebView+AFNetworking.m"; sourceTree = "<group>"; };
		984C6E151BC3C17A00378661 /* 03_AFUpload.app */ = {isa = PBXFileReference; explicitFileType = wrapper.application; includeInIndex = 0; path = 03_AFUpload.app; sourceTree = BUILT_PRODUCTS_DIR; };
		984C6E191BC3C17A00378661 /* Info.plist */ = {isa = PBXFileReference; lastKnownFileType = text.plist.xml; path = Info.plist; sourceTree = "<group>"; };
		984C6E1A1BC3C17A00378661 /* main.m */ = {isa = PBXFileReference; lastKnownFileType = sourcecode.c.objc; path = main.m; sourceTree = "<group>"; };
		984C6E1C1BC3C17A00378661 /* AppDelegate.h */ = {isa = PBXFileReference; lastKnownFileType = sourcecode.c.h; path = AppDelegate.h; sourceTree = "<group>"; };
		984C6E1D1BC3C17A00378661 /* AppDelegate.m */ = {isa = PBXFileReference; lastKnownFileType = sourcecode.c.objc; path = AppDelegate.m; sourceTree = "<group>"; };
		984C6E1F1BC3C17A00378661 /* ViewController.h */ = {isa = PBXFileReference; lastKnownFileType = sourcecode.c.h; path = ViewController.h; sourceTree = "<group>"; };
		984C6E201BC3C17A00378661 /* ViewController.m */ = {isa = PBXFileReference; lastKnownFileType = sourcecode.c.objc; path = ViewController.m; sourceTree = "<group>"; };
		984C6E231BC3C17A00378661 /* Base */ = {isa = PBXFileReference; lastKnownFileType = file.storyboard; name = Base; path = Base.lproj/Main.storyboard; sourceTree = "<group>"; };
		984C6E251BC3C17A00378661 /* Images.xcassets */ = {isa = PBXFileReference; lastKnownFileType = folder.assetcatalog; path = Images.xcassets; sourceTree = "<group>"; };
		984C6E281BC3C17A00378661 /* Base */ = {isa = PBXFileReference; lastKnownFileType = file.xib; name = Base; path = Base.lproj/LaunchScreen.xib; sourceTree = "<group>"; };
		984C6E2E1BC3C17A00378661 /* 03_AFUploadTests.xctest */ = {isa = PBXFileReference; explicitFileType = wrapper.cfbundle; includeInIndex = 0; path = 03_AFUploadTests.xctest; sourceTree = BUILT_PRODUCTS_DIR; };
		984C6E331BC3C17A00378661 /* Info.plist */ = {isa = PBXFileReference; lastKnownFileType = text.plist.xml; path = Info.plist; sourceTree = "<group>"; };
		984C6E341BC3C17A00378661 /* _3_AFUploadTests.m */ = {isa = PBXFileReference; lastKnownFileType = sourcecode.c.objc; path = _3_AFUploadTests.m; sourceTree = "<group>"; };
		984C6E6B1BC3C1A500378661 /* Prefix.pch */ = {isa = PBXFileReference; fileEncoding = 4; lastKnownFileType = sourcecode.c.h; path = Prefix.pch; sourceTree = "<group>"; };
		984C6E7D1BC3C3EA00378661 /* 8.jpg */ = {isa = PBXFileReference; lastKnownFileType = image.jpeg; path = 8.jpg; sourceTree = "<group>"; };
/* End PBXFileReference section */

/* Begin PBXFrameworksBuildPhase section */
		984C6E121BC3C17A00378661 /* Frameworks */ = {
			isa = PBXFrameworksBuildPhase;
			buildActionMask = 2147483647;
			files = (
			);
			runOnlyForDeploymentPostprocessing = 0;
		};
		984C6E2B1BC3C17A00378661 /* Frameworks */ = {
			isa = PBXFrameworksBuildPhase;
			buildActionMask = 2147483647;
			files = (
			);
			runOnlyForDeploymentPostprocessing = 0;
		};
/* End PBXFrameworksBuildPhase section */

/* Begin PBXGroup section */
		793935241C07683800E3C311 /* AFNetworking */ = {
			isa = PBXGroup;
			children = (
				793935251C07683800E3C311 /* AFHTTPRequestOperation.h */,
				793935261C07683800E3C311 /* AFHTTPRequestOperation.m */,
				793935271C07683800E3C311 /* AFHTTPRequestOperationManager.h */,
				793935281C07683800E3C311 /* AFHTTPRequestOperationManager.m */,
				793935291C07683800E3C311 /* AFHTTPSessionManager.h */,
				7939352A1C07683800E3C311 /* AFHTTPSessionManager.m */,
				7939352B1C07683800E3C311 /* AFNetworking.h */,
				7939352C1C07683800E3C311 /* AFNetworkReachabilityManager.h */,
				7939352D1C07683800E3C311 /* AFNetworkReachabilityManager.m */,
				7939352E1C07683800E3C311 /* AFSecurityPolicy.h */,
				7939352F1C07683800E3C311 /* AFSecurityPolicy.m */,
				793935301C07683800E3C311 /* AFURLConnectionOperation.h */,
				793935311C07683800E3C311 /* AFURLConnectionOperation.m */,
				793935321C07683800E3C311 /* AFURLRequestSerialization.h */,
				793935331C07683800E3C311 /* AFURLRequestSerialization.m */,
				793935341C07683800E3C311 /* AFURLResponseSerialization.h */,
				793935351C07683800E3C311 /* AFURLResponseSerialization.m */,
				793935361C07683800E3C311 /* AFURLSessionManager.h */,
				793935371C07683800E3C311 /* AFURLSessionManager.m */,
			);
			path = AFNetworking;
			sourceTree = "<group>";
		};
		793935381C07683800E3C311 /* UIKit+AFNetworking */ = {
			isa = PBXGroup;
			children = (
				793935391C07683800E3C311 /* AFNetworkActivityIndicatorManager.h */,
				7939353A1C07683800E3C311 /* AFNetworkActivityIndicatorManager.m */,
				7939353B1C07683800E3C311 /* UIActivityIndicatorView+AFNetworking.h */,
				7939353C1C07683800E3C311 /* UIActivityIndicatorView+AFNetworking.m */,
				7939353D1C07683800E3C311 /* UIAlertView+AFNetworking.h */,
				7939353E1C07683800E3C311 /* UIAlertView+AFNetworking.m */,
				7939353F1C07683800E3C311 /* UIButton+AFNetworking.h */,
				793935401C07683800E3C311 /* UIButton+AFNetworking.m */,
				793935411C07683800E3C311 /* UIImage+AFNetworking.h */,
				793935421C07683800E3C311 /* UIImageView+AFNetworking.h */,
				793935431C07683800E3C311 /* UIImageView+AFNetworking.m */,
				793935441C07683800E3C311 /* UIKit+AFNetworking.h */,
				793935451C07683800E3C311 /* UIProgressView+AFNetworking.h */,
				793935461C07683800E3C311 /* UIProgressView+AFNetworking.m */,
				793935471C07683800E3C311 /* UIRefreshControl+AFNetworking.h */,
				793935481C07683800E3C311 /* UIRefreshControl+AFNetworking.m */,
				793935491C07683800E3C311 /* UIWebView+AFNetworking.h */,
				7939354A1C07683800E3C311 /* UIWebView+AFNetworking.m */,
			);
			path = "UIKit+AFNetworking";
			sourceTree = "<group>";
		};
		984C6E0C1BC3C17A00378661 = {
			isa = PBXGroup;
			children = (
				984C6E171BC3C17A00378661 /* 03_AFUpload */,
				984C6E311BC3C17A00378661 /* 03_AFUploadTests */,
				984C6E161BC3C17A00378661 /* Products */,
			);
			sourceTree = "<group>";
		};
		984C6E161BC3C17A00378661 /* Products */ = {
			isa = PBXGroup;
			children = (
				984C6E151BC3C17A00378661 /* 03_AFUpload.app */,
				984C6E2E1BC3C17A00378661 /* 03_AFUploadTests.xctest */,
			);
			name = Products;
			sourceTree = "<group>";
		};
		984C6E171BC3C17A00378661 /* 03_AFUpload */ = {
			isa = PBXGroup;
			children = (
				984C6E1C1BC3C17A00378661 /* AppDelegate.h */,
				984C6E1D1BC3C17A00378661 /* AppDelegate.m */,
				984C6E1F1BC3C17A00378661 /* ViewController.h */,
				984C6E201BC3C17A00378661 /* ViewController.m */,
				984C6E221BC3C17A00378661 /* Main.storyboard */,
				984C6E251BC3C17A00378661 /* Images.xcassets */,
				984C6E271BC3C17A00378661 /* LaunchScreen.xib */,
				984C6E7D1BC3C3EA00378661 /* 8.jpg */,
				793935241C07683800E3C311 /* AFNetworking */,
				793935381C07683800E3C311 /* UIKit+AFNetworking */,
				984C6E181BC3C17A00378661 /* Supporting Files */,
			);
			path = 03_AFUpload;
			sourceTree = "<group>";
		};
		984C6E181BC3C17A00378661 /* Supporting Files */ = {
			isa = PBXGroup;
			children = (
				984C6E6B1BC3C1A500378661 /* Prefix.pch */,
				984C6E191BC3C17A00378661 /* Info.plist */,
				984C6E1A1BC3C17A00378661 /* main.m */,
			);
			name = "Supporting Files";
			sourceTree = "<group>";
		};
		984C6E311BC3C17A00378661 /* 03_AFUploadTests */ = {
			isa = PBXGroup;
			children = (
				984C6E341BC3C17A00378661 /* _3_AFUploadTests.m */,
				984C6E321BC3C17A00378661 /* Supporting Files */,
			);
			path = 03_AFUploadTests;
			sourceTree = "<group>";
		};
		984C6E321BC3C17A00378661 /* Supporting Files */ = {
			isa = PBXGroup;
			children = (
				984C6E331BC3C17A00378661 /* Info.plist */,
			);
			name = "Supporting Files";
			sourceTree = "<group>";
		};
/* End PBXGroup section */

/* Begin PBXNativeTarget section */
		984C6E141BC3C17A00378661 /* 03_AFUpload */ = {
			isa = PBXNativeTarget;
			buildConfigurationList = 984C6E381BC3C17A00378661 /* Build configuration list for PBXNativeTarget "03_AFUpload" */;
			buildPhases = (
				984C6E111BC3C17A00378661 /* Sources */,
				984C6E121BC3C17A00378661 /* Frameworks */,
				984C6E131BC3C17A00378661 /* Resources */,
			);
			buildRules = (
			);
			dependencies = (
			);
			name = 03_AFUpload;
			productName = 03_AFUpload;
			productReference = 984C6E151BC3C17A00378661 /* 03_AFUpload.app */;
			productType = "com.apple.product-type.application";
		};
		984C6E2D1BC3C17A00378661 /* 03_AFUploadTests */ = {
			isa = PBXNativeTarget;
			buildConfigurationList = 984C6E3B1BC3C17A00378661 /* Build configuration list for PBXNativeTarget "03_AFUploadTests" */;
			buildPhases = (
				984C6E2A1BC3C17A00378661 /* Sources */,
				984C6E2B1BC3C17A00378661 /* Frameworks */,
				984C6E2C1BC3C17A00378661 /* Resources */,
			);
			buildRules = (
			);
			dependencies = (
				984C6E301BC3C17A00378661 /* PBXTargetDependency */,
			);
			name = 03_AFUploadTests;
			productName = 03_AFUploadTests;
			productReference = 984C6E2E1BC3C17A00378661 /* 03_AFUploadTests.xctest */;
			productType = "com.apple.product-type.bundle.unit-test";
		};
/* End PBXNativeTarget section */

/* Begin PBXProject section */
		984C6E0D1BC3C17A00378661 /* Project object */ = {
			isa = PBXProject;
			attributes = {
				LastUpgradeCheck = 0640;
				ORGANIZATIONNAME = JayWon;
				TargetAttributes = {
					984C6E141BC3C17A00378661 = {
						CreatedOnToolsVersion = 6.4;
					};
					984C6E2D1BC3C17A00378661 = {
						CreatedOnToolsVersion = 6.4;
						TestTargetID = 984C6E141BC3C17A00378661;
					};
				};
			};
			buildConfigurationList = 984C6E101BC3C17A00378661 /* Build configuration list for PBXProject "03_AFUpload" */;
			compatibilityVersion = "Xcode 3.2";
			developmentRegion = English;
			hasScannedForEncodings = 0;
			knownRegions = (
				en,
				Base,
			);
			mainGroup = 984C6E0C1BC3C17A00378661;
			productRefGroup = 984C6E161BC3C17A00378661 /* Products */;
			projectDirPath = "";
			projectRoot = "";
			targets = (
				984C6E141BC3C17A00378661 /* 03_AFUpload */,
				984C6E2D1BC3C17A00378661 /* 03_AFUploadTests */,
			);
		};
/* End PBXProject section */

/* Begin PBXResourcesBuildPhase section */
		984C6E131BC3C17A00378661 /* Resources */ = {
			isa = PBXResourcesBuildPhase;
			buildActionMask = 2147483647;
			files = (
				984C6E7E1BC3C3EA00378661 /* 8.jpg in Resources */,
				984C6E241BC3C17A00378661 /* Main.storyboard in Resources */,
				984C6E291BC3C17A00378661 /* LaunchScreen.xib in Resources */,
				984C6E261BC3C17A00378661 /* Images.xcassets in Resources */,
			);
			runOnlyForDeploymentPostprocessing = 0;
		};
		984C6E2C1BC3C17A00378661 /* Resources */ = {
			isa = PBXResourcesBuildPhase;
			buildActionMask = 2147483647;
			files = (
			);
			runOnlyForDeploymentPostprocessing = 0;
		};
/* End PBXResourcesBuildPhase section */

/* Begin PBXSourcesBuildPhase section */
		984C6E111BC3C17A00378661 /* Sources */ = {
			isa = PBXSourcesBuildPhase;
			buildActionMask = 2147483647;
			files = (
				7939354B1C07683800E3C311 /* AFHTTPRequestOperation.m in Sources */,
				793935581C07683800E3C311 /* UIImageView+AFNetworking.m in Sources */,
				984C6E211BC3C17A00378661 /* ViewController.m in Sources */,
				7939354C1C07683800E3C311 /* AFHTTPRequestOperationManager.m in Sources */,
				793935591C07683800E3C311 /* UIProgressView+AFNetworking.m in Sources */,
				7939354E1C07683800E3C311 /* AFNetworkReachabilityManager.m in Sources */,
				793935521C07683800E3C311 /* AFURLResponseSerialization.m in Sources */,
				793935501C07683800E3C311 /* AFURLConnectionOperation.m in Sources */,
				793935571C07683800E3C311 /* UIButton+AFNetworking.m in Sources */,
				793935551C07683800E3C311 /* UIActivityIndicatorView+AFNetworking.m in Sources */,
				7939354F1C07683800E3C311 /* AFSecurityPolicy.m in Sources */,
				7939355A1C07683800E3C311 /* UIRefreshControl+AFNetworking.m in Sources */,
				7939355B1C07683800E3C311 /* UIWebView+AFNetworking.m in Sources */,
				7939354D1C07683800E3C311 /* AFHTTPSessionManager.m in Sources */,
				793935561C07683800E3C311 /* UIAlertView+AFNetworking.m in Sources */,
				793935511C07683800E3C311 /* AFURLRequestSerialization.m in Sources */,
				793935541C07683800E3C311 /* AFNetworkActivityIndicatorManager.m in Sources */,
				793935531C07683800E3C311 /* AFURLSessionManager.m in Sources */,
				984C6E1E1BC3C17A00378661 /* AppDelegate.m in Sources */,
				984C6E1B1BC3C17A00378661 /* main.m in Sources */,
			);
			runOnlyForDeploymentPostprocessing = 0;
		};
		984C6E2A1BC3C17A00378661 /* Sources */ = {
			isa = PBXSourcesBuildPhase;
			buildActionMask = 2147483647;
			files = (
				984C6E351BC3C17A00378661 /* _3_AFUploadTests.m in Sources */,
			);
			runOnlyForDeploymentPostprocessing = 0;
		};
/* End PBXSourcesBuildPhase section */

/* Begin PBXTargetDependency section */
		984C6E301BC3C17A00378661 /* PBXTargetDependency */ = {
			isa = PBXTargetDependency;
			target = 984C6E141BC3C17A00378661 /* 03_AFUpload */;
			targetProxy = 984C6E2F1BC3C17A00378661 /* PBXContainerItemProxy */;
		};
/* End PBXTargetDependency section */

/* Begin PBXVariantGroup section */
		984C6E221BC3C17A00378661 /* Main.storyboard */ = {
			isa = PBXVariantGroup;
			children = (
				984C6E231BC3C17A00378661 /* Base */,
			);
			name = Main.storyboard;
			sourceTree = "<group>";
		};
		984C6E271BC3C17A00378661 /* LaunchScreen.xib */ = {
			isa = PBXVariantGroup;
			children = (
				984C6E281BC3C17A00378661 /* Base */,
			);
			name = LaunchScreen.xib;
			sourceTree = "<group>";
		};
/* End PBXVariantGroup section */

/* Begin XCBuildConfiguration section */
		984C6E361BC3C17A00378661 /* Debug */ = {
			isa = XCBuildConfiguration;
			buildSettings = {
				ALWAYS_SEARCH_USER_PATHS = NO;
				CLANG_CXX_LANGUAGE_STANDARD = "gnu++0x";
				CLANG_CXX_LIBRARY = "libc++";
				CLANG_ENABLE_MODULES = YES;
				CLANG_ENABLE_OBJC_ARC = YES;
				CLANG_WARN_BOOL_CONVERSION = YES;
				CLANG_WARN_CONSTANT_CONVERSION = YES;
				CLANG_WARN_DIRECT_OBJC_ISA_USAGE = YES_ERROR;
				CLANG_WARN_EMPTY_BODY = YES;
				CLANG_WARN_ENUM_CONVERSION = YES;
				CLANG_WARN_INT_CONVERSION = YES;
				CLANG_WARN_OBJC_ROOT_CLASS = YES_ERROR;
				CLANG_WARN_UNREACHABLE_CODE = YES;
				CLANG_WARN__DUPLICATE_METHOD_MATCH = YES;
				"CODE_SIGN_IDENTITY[sdk=iphoneos*]" = "iPhone Developer";
				COPY_PHASE_STRIP = NO;
				DEBUG_INFORMATION_FORMAT = "dwarf-with-dsym";
				ENABLE_STRICT_OBJC_MSGSEND = YES;
				GCC_C_LANGUAGE_STANDARD = gnu99;
				GCC_DYNAMIC_NO_PIC = NO;
				GCC_NO_COMMON_BLOCKS = YES;
				GCC_OPTIMIZATION_LEVEL = 0;
				GCC_PREPROCESSOR_DEFINITIONS = (
					"DEBUG=1",
					"$(inherited)",
				);
				GCC_SYMBOLS_PRIVATE_EXTERN = NO;
				GCC_WARN_64_TO_32_BIT_CONVERSION = YES;
				GCC_WARN_ABOUT_RETURN_TYPE = YES_ERROR;
				GCC_WARN_UNDECLARED_SELECTOR = YES;
				GCC_WARN_UNINITIALIZED_AUTOS = YES_AGGRESSIVE;
				GCC_WARN_UNUSED_FUNCTION = YES;
				GCC_WARN_UNUSED_VARIABLE = YES;
				IPHONEOS_DEPLOYMENT_TARGET = 8.4;
				MTL_ENABLE_DEBUG_INFO = YES;
				ONLY_ACTIVE_ARCH = YES;
				SDKROOT = iphoneos;
			};
			name = Debug;
		};
		984C6E371BC3C17A00378661 /* Release */ = {
			isa = XCBuildConfiguration;
			buildSettings = {
				ALWAYS_SEARCH_USER_PATHS = NO;
				CLANG_CXX_LANGUAGE_STANDARD = "gnu++0x";
				CLANG_CXX_LIBRARY = "libc++";
				CLANG_ENABLE_MODULES = YES;
				CLANG_ENABLE_OBJC_ARC = YES;
				CLANG_WARN_BOOL_CONVERSION = YES;
				CLANG_WARN_CONSTANT_CONVERSION = YES;
				CLANG_WARN_DIRECT_OBJC_ISA_USAGE = YES_ERROR;
				CLANG_WARN_EMPTY_BODY = YES;
				CLANG_WARN_ENUM_CONVERSION = YES;
				CLANG_WARN_INT_CONVERSION = YES;
				CLANG_WARN_OBJC_ROOT_CLASS = YES_ERROR;
				CLANG_WARN_UNREACHABLE_CODE = YES;
				CLANG_WARN__DUPLICATE_METHOD_MATCH = YES;
				"CODE_SIGN_IDENTITY[sdk=iphoneos*]" = "iPhone Developer";
				COPY_PHASE_STRIP = NO;
				DEBUG_INFORMATION_FORMAT = "dwarf-with-dsym";
				ENABLE_NS_ASSERTIONS = NO;
				ENABLE_STRICT_OBJC_MSGSEND = YES;
				GCC_C_LANGUAGE_STANDARD = gnu99;
				GCC_NO_COMMON_BLOCKS = YES;
				GCC_WARN_64_TO_32_BIT_CONVERSION = YES;
				GCC_WARN_ABOUT_RETURN_TYPE = YES_ERROR;
				GCC_WARN_UNDECLARED_SELECTOR = YES;
				GCC_WARN_UNINITIALIZED_AUTOS = YES_AGGRESSIVE;
				GCC_WARN_UNUSED_FUNCTION = YES;
				GCC_WARN_UNUSED_VARIABLE = YES;
				IPHONEOS_DEPLOYMENT_TARGET = 8.4;
				MTL_ENABLE_DEBUG_INFO = NO;
				SDKROOT = iphoneos;
				VALIDATE_PRODUCT = YES;
			};
			name = Release;
		};
		984C6E391BC3C17A00378661 /* Debug */ = {
			isa = XCBuildConfiguration;
			buildSettings = {
				ASSETCATALOG_COMPILER_APPICON_NAME = AppIcon;
				GCC_PRECOMPILE_PREFIX_HEADER = YES;
				GCC_PREFIX_HEADER = "$(TARGET_NAME)/Prefix.pch";
				INFOPLIST_FILE = 03_AFUpload/Info.plist;
				IPHONEOS_DEPLOYMENT_TARGET = 9.1;
				LD_RUNPATH_SEARCH_PATHS = "$(inherited) @executable_path/Frameworks";
				PRODUCT_NAME = "$(TARGET_NAME)";
			};
			name = Debug;
		};
		984C6E3A1BC3C17A00378661 /* Release */ = {
			isa = XCBuildConfiguration;
			buildSettings = {
				ASSETCATALOG_COMPILER_APPICON_NAME = AppIcon;
				GCC_PRECOMPILE_PREFIX_HEADER = YES;
				GCC_PREFIX_HEADER = "$(TARGET_NAME)/Prefix.pch";
				INFOPLIST_FILE = 03_AFUpload/Info.plist;
				IPHONEOS_DEPLOYMENT_TARGET = 9.1;
				LD_RUNPATH_SEARCH_PATHS = "$(inherited) @executable_path/Frameworks";
				PRODUCT_NAME = "$(TARGET_NAME)";
			};
			name = Release;
		};
		984C6E3C1BC3C17A00378661 /* Debug */ = {
			isa = XCBuildConfiguration;
			buildSettings = {
				BUNDLE_LOADER = "$(TEST_HOST)";
				FRAMEWORK_SEARCH_PATHS = (
					"$(SDKROOT)/Developer/Library/Frameworks",
					"$(inherited)",
				);
				GCC_PREPROCESSOR_DEFINITIONS = (
					"DEBUG=1",
					"$(inherited)",
				);
				INFOPLIST_FILE = 03_AFUploadTests/Info.plist;
				LD_RUNPATH_SEARCH_PATHS = "$(inherited) @executable_path/Frameworks @loader_path/Frameworks";
				PRODUCT_NAME = "$(TARGET_NAME)";
				TEST_HOST = "$(BUILT_PRODUCTS_DIR)/03_AFUpload.app/03_AFUpload";
			};
			name = Debug;
		};
		984C6E3D1BC3C17A00378661 /* Release */ = {
			isa = XCBuildConfiguration;
			buildSettings = {
				BUNDLE_LOADER = "$(TEST_HOST)";
				FRAMEWORK_SEARCH_PATHS = (
					"$(SDKROOT)/Developer/Library/Frameworks",
					"$(inherited)",
				);
				INFOPLIST_FILE = 03_AFUploadTests/Info.plist;
				LD_RUNPATH_SEARCH_PATHS = "$(inherited) @executable_path/Frameworks @loader_path/Frameworks";
				PRODUCT_NAME = "$(TARGET_NAME)";
				TEST_HOST = "$(BUILT_PRODUCTS_DIR)/03_AFUpload.app/03_AFUpload";
			};
			name = Release;
		};
/* End XCBuildConfiguration section */

/* Begin XCConfigurationList section */
		984C6E101BC3C17A00378661 /* Build configuration list for PBXProject "03_AFUpload" */ = {
			isa = XCConfigurationList;
			buildConfigurations = (
				984C6E361BC3C17A00378661 /* Debug */,
				984C6E371BC3C17A00378661 /* Release */,
			);
			defaultConfigurationIsVisible = 0;
			defaultConfigurationName = Release;
		};
		984C6E381BC3C17A00378661 /* Build configuration list for PBXNativeTarget "03_AFUpload" */ = {
			isa = XCConfigurationList;
			buildConfigurations = (
				984C6E391BC3C17A00378661 /* Debug */,
				984C6E3A1BC3C17A00378661 /* Release */,
			);
			defaultConfigurationIsVisible = 0;
			defaultConfigurationName = Release;
		};
		984C6E3B1BC3C17A00378661 /* Build configuration list for PBXNativeTarget "03_AFUploadTests" */ = {
			isa = XCConfigurationList;
			buildConfigurations = (
				984C6E3C1BC3C17A00378661 /* Debug */,
				984C6E3D1BC3C17A00378661 /* Release */,
			);
			defaultConfigurationIsVisible = 0;
			defaultConfigurationName = Release;
		};
/* End XCConfigurationList section */
	};
	rootObject = 984C6E0D1BC3C17A00378661 /* Project object */;
}
